
Microsoft Visual Studio Solution File, Format Version 12.00
# Visual Studio Version 17
VisualStudioVersion = 17.4.33213.308
MinimumVisualStudioVersion = 10.0.40219.1
Project("{FAE04EC0-301F-11D3-BF4B-00C04F79EFBC}") = "Consumer2", "Consumer2\Consumer2.csproj", "{BB57E0C3-3B0F-4535-8CFD-FDDF83D123AC}"
EndProject
Global
	GlobalSection(SolutionConfigurationPlatforms) = preSolution
		Debug|Any CPU = Debug|Any CPU
		Release|Any CPU = Release|Any CPU
	EndGlobalSection
	GlobalSection(ProjectConfigurationPlatforms) = postSolution
		{BB57E0C3-3B0F-4535-8CFD-FDDF83D123AC}.Debug|Any CPU.ActiveCfg = Debug|Any CPU
		{BB57E0C3-3B0F-4535-8CFD-FDDF83D123AC}.Debug|Any CPU.Build.0 = Debug|Any CPU
		{BB57E0C3-3B0F-4535-8CFD-FDDF83D123AC}.Release|Any CPU.ActiveCfg = Release|Any CPU
		{BB57E0C3-3B0F-4535-8CFD-FDDF83D123AC}.Release|Any CPU.Build.0 = Release|Any CPU
	EndGlobalSection
	GlobalSection(SolutionProperties) = preSolution
		HideSolutionNode = FALSE
	EndGlobalSection
	GlobalSection(ExtensibilityGlobals) = postSolution
		SolutionGuid = {BC52AF8D-99E0-4F86-8DDF-86772B0B1E5D}
	EndGlobalSection
EndGlobal
